
Microsoft Visual Studio Solution File, Format Version 12.00
# Visual Studio Version 16
VisualStudioVersion = 16.0.30907.101
MinimumVisualStudioVersion = 10.0.40219.1
Project("{9A19103F-16F7-4668-BE54-9A1E7A4F7556}") = "Shell", "tools\Shell\Shell.csproj", "{4E8F9A7C-90BB-471A-A3A0-4FEC53846F76}"
EndProject
Project("{9A19103F-16F7-4668-BE54-9A1E7A4F7556}") = "CoreLib", "src\CoreLib\CoreLib.csproj", "{AB71F688-1B0C-4019-8071-38810CB0A597}"
EndProject
Project("{9A19103F-16F7-4668-BE54-9A1E7A4F7556}") = "Smartcards", "src\Smartcards\Smartcards.csproj", "{364E1E27-6794-4D1B-A895-9C25E05D95BA}"
EndProject
Project("{9A19103F-16F7-4668-BE54-9A1E7A4F7556}") = "Hal", "src\Hal\Hal.csproj", "{3A6CBFF9-8D9C-4871-A3E9-641D686AB6A7}"
EndProject
Project("{9A19103F-16F7-4668-BE54-9A1E7A4F7556}") = "Shell.Core", "src\Shell.Core\Shell.Core.csproj", "{508EA99E-6A51-4A65-9657-F22535D60200}"
EndProject
Project("{2150E333-8FDC-42A3-9474-1A3956D46DE8}") = "Lib", "Lib", "{5182EEB4-8CB0-459C-89C2-5F17310FA189}"
EndProject
Project("{2150E333-8FDC-42A3-9474-1A3956D46DE8}") = "Tests", "Tests", "{7551E0ED-0B83-45CD-A6F9-4891C47AE236}"
EndProject
Project("{9A19103F-16F7-4668-BE54-9A1E7A4F7556}") = "Shell.Base", "src\Shell.Base\Shell.Base.csproj", "{1396DAB3-7F52-4B72-87A7-CD01236A2366}"
EndProject
Project("{9A19103F-16F7-4668-BE54-9A1E7A4F7556}") = "CoreLib.Tests", "tests\CoreLib.Tests\CoreLib.Tests.csproj", "{0D4FDDCC-4C19-49D2-8273-10C09861E9DC}"
EndProject
Project("{2150E333-8FDC-42A3-9474-1A3956D46DE8}") = "Solution Items", "Solution Items", "{D404A884-66D9-4252-8DC2-E8F52EFCDA72}"
EndProject
Global
	GlobalSection(SolutionConfigurationPlatforms) = preSolution
		Debug|Any CPU = Debug|Any CPU
		Release|Any CPU = Release|Any CPU
	EndGlobalSection
	GlobalSection(ProjectConfigurationPlatforms) = postSolution
		{4E8F9A7C-90BB-471A-A3A0-4FEC53846F76}.Debug|Any CPU.ActiveCfg = Debug|Any CPU
		{4E8F9A7C-90BB-471A-A3A0-4FEC53846F76}.Debug|Any CPU.Build.0 = Debug|Any CPU
		{4E8F9A7C-90BB-471A-A3A0-4FEC53846F76}.Release|Any CPU.ActiveCfg = Release|Any CPU
		{4E8F9A7C-90BB-471A-A3A0-4FEC53846F76}.Release|Any CPU.Build.0 = Release|Any CPU
		{AB71F688-1B0C-4019-8071-38810CB0A597}.Debug|Any CPU.ActiveCfg = Debug|Any CPU
		{AB71F688-1B0C-4019-8071-38810CB0A597}.Debug|Any CPU.Build.0 = Debug|Any CPU
		{AB71F688-1B0C-4019-8071-38810CB0A597}.Release|Any CPU.ActiveCfg = Release|Any CPU
		{AB71F688-1B0C-4019-8071-38810CB0A597}.Release|Any CPU.Build.0 = Release|Any CPU
		{364E1E27-6794-4D1B-A895-9C25E05D95BA}.Debug|Any CPU.ActiveCfg = Debug|Any CPU
		{364E1E27-6794-4D1B-A895-9C25E05D95BA}.Debug|Any CPU.Build.0 = Debug|Any CPU
		{364E1E27-6794-4D1B-A895-9C25E05D95BA}.Release|Any CPU.ActiveCfg = Release|Any CPU
		{364E1E27-6794-4D1B-A895-9C25E05D95BA}.Release|Any CPU.Build.0 = Release|Any CPU
		{3A6CBFF9-8D9C-4871-A3E9-641D686AB6A7}.Debug|Any CPU.ActiveCfg = Debug|Any CPU
		{3A6CBFF9-8D9C-4871-A3E9-641D686AB6A7}.Debug|Any CPU.Build.0 = Debug|Any CPU
		{3A6CBFF9-8D9C-4871-A3E9-641D686AB6A7}.Release|Any CPU.ActiveCfg = Release|Any CPU
		{3A6CBFF9-8D9C-4871-A3E9-641D686AB6A7}.Release|Any CPU.Build.0 = Release|Any CPU
		{508EA99E-6A51-4A65-9657-F22535D60200}.Debug|Any CPU.ActiveCfg = Debug|Any CPU
		{508EA99E-6A51-4A65-9657-F22535D60200}.Debug|Any CPU.Build.0 = Debug|Any CPU
		{508EA99E-6A51-4A65-9657-F22535D60200}.Release|Any CPU.ActiveCfg = Release|Any CPU
		{508EA99E-6A51-4A65-9657-F22535D60200}.Release|Any CPU.Build.0 = Release|Any CPU
		{1396DAB3-7F52-4B72-87A7-CD01236A2366}.Debug|Any CPU.ActiveCfg = Debug|Any CPU
		{1396DAB3-7F52-4B72-87A7-CD01236A2366}.Debug|Any CPU.Build.0 = Debug|Any CPU
		{1396DAB3-7F52-4B72-87A7-CD01236A2366}.Release|Any CPU.ActiveCfg = Release|Any CPU
		{1396DAB3-7F52-4B72-87A7-CD01236A2366}.Release|Any CPU.Build.0 = Release|Any CPU
		{0D4FDDCC-4C19-49D2-8273-10C09861E9DC}.Debug|Any CPU.ActiveCfg = Debug|Any CPU
		{0D4FDDCC-4C19-49D2-8273-10C09861E9DC}.Debug|Any CPU.Build.0 = Debug|Any CPU
		{0D4FDDCC-4C19-49D2-8273-10C09861E9DC}.Release|Any CPU.ActiveCfg = Release|Any CPU
		{0D4FDDCC-4C19-49D2-8273-10C09861E9DC}.Release|Any CPU.Build.0 = Release|Any CPU
	EndGlobalSection
	GlobalSection(SolutionProperties) = preSolution
		HideSolutionNode = FALSE
	EndGlobalSection
	GlobalSection(NestedProjects) = preSolution
		{AB71F688-1B0C-4019-8071-38810CB0A597} = {5182EEB4-8CB0-459C-89C2-5F17310FA189}
		{364E1E27-6794-4D1B-A895-9C25E05D95BA} = {5182EEB4-8CB0-459C-89C2-5F17310FA189}
		{3A6CBFF9-8D9C-4871-A3E9-641D686AB6A7} = {5182EEB4-8CB0-459C-89C2-5F17310FA189}
		{508EA99E-6A51-4A65-9657-F22535D60200} = {5182EEB4-8CB0-459C-89C2-5F17310FA189}
		{1396DAB3-7F52-4B72-87A7-CD01236A2366} = {5182EEB4-8CB0-459C-89C2-5F17310FA189}
		{0D4FDDCC-4C19-49D2-8273-10C09861E9DC} = {7551E0ED-0B83-45CD-A6F9-4891C47AE236}
	EndGlobalSection
	GlobalSection(ExtensibilityGlobals) = postSolution
		SolutionGuid = {10769AAF-DAAD-4036-914F-0DAC69B3D3AA}
	EndGlobalSection
EndGlobal
